// !$*UTF8*$!
{
	archiveVersion = 1;
	classes = {
	};
	objectVersion = 50;
	objects = {

/* Begin PBXBuildFile section */
		BD2AA89D215FD2EF004C32B2 /* CompanyCell.swift in Sources */ = {isa = PBXBuildFile; fileRef = BD2AA89C215FD2EF004C32B2 /* CompanyCell.swift */; };
		BD2AA89F215FE48A004C32B2 /* EmployeesController.swift in Sources */ = {isa = PBXBuildFile; fileRef = BD2AA89E215FE48A004C32B2 /* EmployeesController.swift */; };
		BD2AA8A1215FE99B004C32B2 /* CreateEmployeeController.swift in Sources */ = {isa = PBXBuildFile; fileRef = BD2AA8A0215FE99B004C32B2 /* CreateEmployeeController.swift */; };
		BD5D1C102162EC9D00C5EEAA /* EmployeeTypes.swift in Sources */ = {isa = PBXBuildFile; fileRef = BD5D1C0F2162EC9D00C5EEAA /* EmployeeTypes.swift */; };
		BDAFBCC52152DEBE00592648 /* Company.swift in Sources */ = {isa = PBXBuildFile; fileRef = BDAFBCC42152DEBE00592648 /* Company.swift */; };
		BDAFBCC72152E7B300592648 /* CreateCompaniesController.swift in Sources */ = {isa = PBXBuildFile; fileRef = BDAFBCC62152E7B300592648 /* CreateCompaniesController.swift */; };
		BDD93D7D2151BA1500D94C16 /* AppDelegate.swift in Sources */ = {isa = PBXBuildFile; fileRef = BDD93D7C2151BA1500D94C16 /* AppDelegate.swift */; };
		BDD93D7F2151BA1500D94C16 /* CompaniesViewController.swift in Sources */ = {isa = PBXBuildFile; fileRef = BDD93D7E2151BA1500D94C16 /* CompaniesViewController.swift */; };
		BDD93D822151BA1500D94C16 /* Main.storyboard in Resources */ = {isa = PBXBuildFile; fileRef = BDD93D802151BA1500D94C16 /* Main.storyboard */; };
		BDD93D842151BA1800D94C16 /* Assets.xcassets in Resources */ = {isa = PBXBuildFile; fileRef = BDD93D832151BA1800D94C16 /* Assets.xcassets */; };
		BDD93D872151BA1800D94C16 /* LaunchScreen.storyboard in Resources */ = {isa = PBXBuildFile; fileRef = BDD93D852151BA1800D94C16 /* LaunchScreen.storyboard */; };
		BDD93D8F2151BDD000D94C16 /* UIColorExtension.swift in Sources */ = {isa = PBXBuildFile; fileRef = BDD93D8E2151BDD000D94C16 /* UIColorExtension.swift */; };
		BDDFD0B92157142500EC2B25 /* CompanyDataModel.xcdatamodeld in Sources */ = {isa = PBXBuildFile; fileRef = BDDFD0B72157142500EC2B25 /* CompanyDataModel.xcdatamodeld */; };
		BDDFD0BB21572A4700EC2B25 /* CoreDataManager.swift in Sources */ = {isa = PBXBuildFile; fileRef = BDDFD0BA21572A4700EC2B25 /* CoreDataManager.swift */; };
/* End PBXBuildFile section */

/* Begin PBXFileReference section */
		BD2AA89C215FD2EF004C32B2 /* CompanyCell.swift */ = {isa = PBXFileReference; lastKnownFileType = sourcecode.swift; path = CompanyCell.swift; sourceTree = "<group>"; };
		BD2AA89E215FE48A004C32B2 /* EmployeesController.swift */ = {isa = PBXFileReference; lastKnownFileType = sourcecode.swift; path = EmployeesController.swift; sourceTree = "<group>"; };
		BD2AA8A0215FE99B004C32B2 /* CreateEmployeeController.swift */ = {isa = PBXFileReference; lastKnownFileType = sourcecode.swift; path = CreateEmployeeController.swift; sourceTree = "<group>"; };
		BD5D1C0F2162EC9D00C5EEAA /* EmployeeTypes.swift */ = {isa = PBXFileReference; lastKnownFileType = sourcecode.swift; path = EmployeeTypes.swift; sourceTree = "<group>"; };
		BDAFBCC42152DEBE00592648 /* Company.swift */ = {isa = PBXFileReference; lastKnownFileType = sourcecode.swift; path = Company.swift; sourceTree = "<group>"; };
		BDAFBCC62152E7B300592648 /* CreateCompaniesController.swift */ = {isa = PBXFileReference; lastKnownFileType = sourcecode.swift; path = CreateCompaniesController.swift; sourceTree = "<group>"; };
		BDD93D792151BA1500D94C16 /* Company Core Data.app */ = {isa = PBXFileReference; explicitFileType = wrapper.application; includeInIndex = 0; path = "Company Core Data.app"; sourceTree = BUILT_PRODUCTS_DIR; };
		BDD93D7C2151BA1500D94C16 /* AppDelegate.swift */ = {isa = PBXFileReference; lastKnownFileType = sourcecode.swift; path = AppDelegate.swift; sourceTree = "<group>"; };
		BDD93D7E2151BA1500D94C16 /* CompaniesViewController.swift */ = {isa = PBXFileReference; lastKnownFileType = sourcecode.swift; path = CompaniesViewController.swift; sourceTree = "<group>"; };
		BDD93D812151BA1500D94C16 /* Base */ = {isa = PBXFileReference; lastKnownFileType = file.storyboard; name = Base; path = Base.lproj/Main.storyboard; sourceTree = "<group>"; };
		BDD93D832151BA1800D94C16 /* Assets.xcassets */ = {isa = PBXFileReference; lastKnownFileType = folder.assetcatalog; path = Assets.xcassets; sourceTree = "<group>"; };
		BDD93D862151BA1800D94C16 /* Base */ = {isa = PBXFileReference; lastKnownFileType = file.storyboard; name = Base; path = Base.lproj/LaunchScreen.storyboard; sourceTree = "<group>"; };
		BDD93D882151BA1800D94C16 /* Info.plist */ = {isa = PBXFileReference; lastKnownFileType = text.plist.xml; path = Info.plist; sourceTree = "<group>"; };
		BDD93D8E2151BDD000D94C16 /* UIColorExtension.swift */ = {isa = PBXFileReference; lastKnownFileType = sourcecode.swift; path = UIColorExtension.swift; sourceTree = "<group>"; };
		BDDFD0B82157142500EC2B25 /* CompanyDataModel.xcdatamodel */ = {isa = PBXFileReference; lastKnownFileType = wrapper.xcdatamodel; path = CompanyDataModel.xcdatamodel; sourceTree = "<group>"; };
		BDDFD0BA21572A4700EC2B25 /* CoreDataManager.swift */ = {isa = PBXFileReference; lastKnownFileType = sourcecode.swift; path = CoreDataManager.swift; sourceTree = "<group>"; };
/* End PBXFileReference section */

/* Begin PBXFrameworksBuildPhase section */
		BDD93D762151BA1500D94C16 /* Frameworks */ = {
			isa = PBXFrameworksBuildPhase;
			buildActionMask = 2147483647;
			files = (
			);
			runOnlyForDeploymentPostprocessing = 0;
		};
/* End PBXFrameworksBuildPhase section */

/* Begin PBXGroup section */
		BD2AA89B215FD2D8004C32B2 /* View */ = {
			isa = PBXGroup;
			children = (
				BD2AA89C215FD2EF004C32B2 /* CompanyCell.swift */,
			);
			path = View;
			sourceTree = "<group>";
		};
		BD9ED4082161A6C500A35E78 /* Employee */ = {
			isa = PBXGroup;
			children = (
				BD2AA89E215FE48A004C32B2 /* EmployeesController.swift */,
				BD2AA8A0215FE99B004C32B2 /* CreateEmployeeController.swift */,
				BD5D1C0F2162EC9D00C5EEAA /* EmployeeTypes.swift */,
			);
			path = Employee;
			sourceTree = "<group>";
		};
		BDD93D702151BA1500D94C16 = {
			isa = PBXGroup;
			children = (
				BDD93D7B2151BA1500D94C16 /* Company Core Data */,
				BDD93D7A2151BA1500D94C16 /* Products */,
			);
			sourceTree = "<group>";
		};
		BDD93D7A2151BA1500D94C16 /* Products */ = {
			isa = PBXGroup;
			children = (
				BDD93D792151BA1500D94C16 /* Company Core Data.app */,
			);
			name = Products;
			sourceTree = "<group>";
		};
		BDD93D7B2151BA1500D94C16 /* Company Core Data */ = {
			isa = PBXGroup;
			children = (
				BDD93D7C2151BA1500D94C16 /* AppDelegate.swift */,
				BDD93D902151BDD800D94C16 /* Extensions */,
				BDDFD0B52156BA6300EC2B25 /* Model */,
				BD2AA89B215FD2D8004C32B2 /* View */,
				BDDFD0B62156BA9900EC2B25 /* Company */,
				BD9ED4082161A6C500A35E78 /* Employee */,
				BDDFD0BA21572A4700EC2B25 /* CoreDataManager.swift */,
				BDD93D802151BA1500D94C16 /* Main.storyboard */,
				BDD93D832151BA1800D94C16 /* Assets.xcassets */,
				BDD93D852151BA1800D94C16 /* LaunchScreen.storyboard */,
				BDD93D882151BA1800D94C16 /* Info.plist */,
				BDDFD0B72157142500EC2B25 /* CompanyDataModel.xcdatamodeld */,
			);
			path = "Company Core Data";
			sourceTree = "<group>";
		};
		BDD93D902151BDD800D94C16 /* Extensions */ = {
			isa = PBXGroup;
			children = (
				BDD93D8E2151BDD000D94C16 /* UIColorExtension.swift */,
			);
			path = Extensions;
			sourceTree = "<group>";
		};
		BDDFD0B52156BA6300EC2B25 /* Model */ = {
			isa = PBXGroup;
			children = (
				BDAFBCC42152DEBE00592648 /* Company.swift */,
			);
			path = Model;
			sourceTree = "<group>";
		};
		BDDFD0B62156BA9900EC2B25 /* Company */ = {
			isa = PBXGroup;
			children = (
				BDD93D7E2151BA1500D94C16 /* CompaniesViewController.swift */,
				BDAFBCC62152E7B300592648 /* CreateCompaniesController.swift */,
			);
			path = Company;
			sourceTree = "<group>";
		};
/* End PBXGroup section */

/* Begin PBXNativeTarget section */
		BDD93D782151BA1500D94C16 /* Company Core Data */ = {
			isa = PBXNativeTarget;
			buildConfigurationList = BDD93D8B2151BA1800D94C16 /* Build configuration list for PBXNativeTarget "Company Core Data" */;
			buildPhases = (
				BDD93D752151BA1500D94C16 /* Sources */,
				BDD93D762151BA1500D94C16 /* Frameworks */,
				BDD93D772151BA1500D94C16 /* Resources */,
			);
			buildRules = (
			);
			dependencies = (
			);
			name = "Company Core Data";
			productName = "Company Core Data";
			productReference = BDD93D792151BA1500D94C16 /* Company Core Data.app */;
			productType = "com.apple.product-type.application";
		};
/* End PBXNativeTarget section */

/* Begin PBXProject section */
		BDD93D712151BA1500D94C16 /* Project object */ = {
			isa = PBXProject;
			attributes = {
				LastSwiftUpdateCheck = 1000;
				LastUpgradeCheck = 1000;
				ORGANIZATIONNAME = "Viswa Kodela";
				TargetAttributes = {
					BDD93D782151BA1500D94C16 = {
						CreatedOnToolsVersion = 10.0;
					};
				};
			};
			buildConfigurationList = BDD93D742151BA1500D94C16 /* Build configuration list for PBXProject "Company Core Data" */;
			compatibilityVersion = "Xcode 9.3";
			developmentRegion = en;
			hasScannedForEncodings = 0;
			knownRegions = (
				en,
				Base,
			);
			mainGroup = BDD93D702151BA1500D94C16;
			productRefGroup = BDD93D7A2151BA1500D94C16 /* Products */;
			projectDirPath = "";
			projectRoot = "";
			targets = (
				BDD93D782151BA1500D94C16 /* Company Core Data */,
			);
		};
/* End PBXProject section */

/* Begin PBXResourcesBuildPhase section */
		BDD93D772151BA1500D94C16 /* Resources */ = {
			isa = PBXResourcesBuildPhase;
			buildActionMask = 2147483647;
			files = (
				BDD93D872151BA1800D94C16 /* LaunchScreen.storyboard in Resources */,
				BDD93D842151BA1800D94C16 /* Assets.xcassets in Resources */,
				BDD93D822151BA1500D94C16 /* Main.storyboard in Resources */,
			);
			runOnlyForDeploymentPostprocessing = 0;
		};
/* End PBXResourcesBuildPhase section */

/* Begin PBXSourcesBuildPhase section */
		BDD93D752151BA1500D94C16 /* Sources */ = {
			isa = PBXSourcesBuildPhase;
			buildActionMask = 2147483647;
			files = (
				BDD93D7F2151BA1500D94C16 /* CompaniesViewController.swift in Sources */,
				BDD93D8F2151BDD000D94C16 /* UIColorExtension.swift in Sources */,
				BDD93D7D2151BA1500D94C16 /* AppDelegate.swift in Sources */,
				BD5D1C102162EC9D00C5EEAA /* EmployeeTypes.swift in Sources */,
				BD2AA89D215FD2EF004C32B2 /* CompanyCell.swift in Sources */,
				BD2AA89F215FE48A004C32B2 /* EmployeesController.swift in Sources */,
				BDAFBCC52152DEBE00592648 /* Company.swift in Sources */,
				BDAFBCC72152E7B300592648 /* CreateCompaniesController.swift in Sources */,
				BD2AA8A1215FE99B004C32B2 /* CreateEmployeeController.swift in Sources */,
				BDDFD0BB21572A4700EC2B25 /* CoreDataManager.swift in Sources */,
				BDDFD0B92157142500EC2B25 /* CompanyDataModel.xcdatamodeld in Sources */,
			);
			runOnlyForDeploymentPostprocessing = 0;
		};
/* End PBXSourcesBuildPhase section */

/* Begin PBXVariantGroup section */
		BDD93D802151BA1500D94C16 /* Main.storyboard */ = {
			isa = PBXVariantGroup;
			children = (
				BDD93D812151BA1500D94C16 /* Base */,
			);
			name = Main.storyboard;
			sourceTree = "<group>";
		};
		BDD93D852151BA1800D94C16 /* LaunchScreen.storyboard */ = {
			isa = PBXVariantGroup;
			children = (
				BDD93D862151BA1800D94C16 /* Base */,
			);
			name = LaunchScreen.storyboard;
			sourceTree = "<group>";
		};
/* End PBXVariantGroup section */

/* Begin XCBuildConfiguration section */
		BDD93D892151BA1800D94C16 /* Debug */ = {
			isa = XCBuildConfiguration;
			buildSettings = {
				ALWAYS_SEARCH_USER_PATHS = NO;
				CLANG_ANALYZER_NONNULL = YES;
				CLANG_ANALYZER_NUMBER_OBJECT_CONVERSION = YES_AGGRESSIVE;
				CLANG_CXX_LANGUAGE_STANDARD = "gnu++14";
				CLANG_CXX_LIBRARY = "libc++";
				CLANG_ENABLE_MODULES = YES;
				CLANG_ENABLE_OBJC_ARC = YES;
				CLANG_ENABLE_OBJC_WEAK = YES;
				CLANG_WARN_BLOCK_CAPTURE_AUTORELEASING = YES;
				CLANG_WARN_BOOL_CONVERSION = YES;
				CLANG_WARN_COMMA = YES;
				CLANG_WARN_CONSTANT_CONVERSION = YES;
				CLANG_WARN_DEPRECATED_OBJC_IMPLEMENTATIONS = YES;
				CLANG_WARN_DIRECT_OBJC_ISA_USAGE = YES_ERROR;
				CLANG_WARN_DOCUMENTATION_COMMENTS = YES;
				CLANG_WARN_EMPTY_BODY = YES;
				CLANG_WARN_ENUM_CONVERSION = YES;
				CLANG_WARN_INFINITE_RECURSION = YES;
				CLANG_WARN_INT_CONVERSION = YES;
				CLANG_WARN_NON_LITERAL_NULL_CONVERSION = YES;
				CLANG_WARN_OBJC_IMPLICIT_RETAIN_SELF = YES;
				CLANG_WARN_OBJC_LITERAL_CONVERSION = YES;
				CLANG_WARN_OBJC_ROOT_CLASS = YES_ERROR;
				CLANG_WARN_RANGE_LOOP_ANALYSIS = YES;
				CLANG_WARN_STRICT_PROTOTYPES = YES;
				CLANG_WARN_SUSPICIOUS_MOVE = YES;
				CLANG_WARN_UNGUARDED_AVAILABILITY = YES_AGGRESSIVE;
				CLANG_WARN_UNREACHABLE_CODE = YES;
				CLANG_WARN__DUPLICATE_METHOD_MATCH = YES;
				CODE_SIGN_IDENTITY = "iPhone Developer";
				COPY_PHASE_STRIP = NO;
				DEBUG_INFORMATION_FORMAT = dwarf;
				ENABLE_STRICT_OBJC_MSGSEND = YES;
				ENABLE_TESTABILITY = YES;
				GCC_C_LANGUAGE_STANDARD = gnu11;
				GCC_DYNAMIC_NO_PIC = NO;
				GCC_NO_COMMON_BLOCKS = YES;
				GCC_OPTIMIZATION_LEVEL = 0;
				GCC_PREPROCESSOR_DEFINITIONS = (
					"DEBUG=1",
					"$(inherited)",
				);
				GCC_WARN_64_TO_32_BIT_CONVERSION = YES;
				GCC_WARN_ABOUT_RETURN_TYPE = YES_ERROR;
				GCC_WARN_UNDECLARED_SELECTOR = YES;
				GCC_WARN_UNINITIALIZED_AUTOS = YES_AGGRESSIVE;
				GCC_WARN_UNUSED_FUNCTION = YES;
				GCC_WARN_UNUSED_VARIABLE = YES;
				IPHONEOS_DEPLOYMENT_TARGET = 12.0;
				MTL_ENABLE_DEBUG_INFO = INCLUDE_SOURCE;
				MTL_FAST_MATH = YES;
				ONLY_ACTIVE_ARCH = YES;
				SDKROOT = iphoneos;
				SWIFT_ACTIVE_COMPILATION_CONDITIONS = DEBUG;
				SWIFT_OPTIMIZATION_LEVEL = "-Onone";
			};
			name = Debug;
		};
		BDD93D8A2151BA1800D94C16 /* Release */ = {
			isa = XCBuildConfiguration;
			buildSettings = {
				ALWAYS_SEARCH_USER_PATHS = NO;
				CLANG_ANALYZER_NONNULL = YES;
				CLANG_ANALYZER_NUMBER_OBJECT_CONVERSION = YES_AGGRESSIVE;
				CLANG_CXX_LANGUAGE_STANDARD = "gnu++14";
				CLANG_CXX_LIBRARY = "libc++";
				CLANG_ENABLE_MODULES = YES;
				CLANG_ENABLE_OBJC_ARC = YES;
				CLANG_ENABLE_OBJC_WEAK = YES;
				CLANG_WARN_BLOCK_CAPTURE_AUTORELEASING = YES;
				CLANG_WARN_BOOL_CONVERSION = YES;
				CLANG_WARN_COMMA = YES;
				CLANG_WARN_CONSTANT_CONVERSION = YES;
				CLANG_WARN_DEPRECATED_OBJC_IMPLEMENTATIONS = YES;
				CLANG_WARN_DIRECT_OBJC_ISA_USAGE = YES_ERROR;
				CLANG_WARN_DOCUMENTATION_COMMENTS = YES;
				CLANG_WARN_EMPTY_BODY = YES;
				CLANG_WARN_ENUM_CONVERSION = YES;
				CLANG_WARN_INFINITE_RECURSION = YES;
				CLANG_WARN_INT_CONVERSION = YES;
				CLANG_WARN_NON_LITERAL_NULL_CONVERSION = YES;
				CLANG_WARN_OBJC_IMPLICIT_RETAIN_SELF = YES;
				CLANG_WARN_OBJC_LITERAL_CONVERSION = YES;
				CLANG_WARN_OBJC_ROOT_CLASS = YES_ERROR;
				CLANG_WARN_RANGE_LOOP_ANALYSIS = YES;
				CLANG_WARN_STRICT_PROTOTYPES = YES;
				CLANG_WARN_SUSPICIOUS_MOVE = YES;
				CLANG_WARN_UNGUARDED_AVAILABILITY = YES_AGGRESSIVE;
				CLANG_WARN_UNREACHABLE_CODE = YES;
				CLANG_WARN__DUPLICATE_METHOD_MATCH = YES;
				CODE_SIGN_IDENTITY = "iPhone Developer";
				COPY_PHASE_STRIP = NO;
				DEBUG_INFORMATION_FORMAT = "dwarf-with-dsym";
				ENABLE_NS_ASSERTIONS = NO;
				ENABLE_STRICT_OBJC_MSGSEND = YES;
				GCC_C_LANGUAGE_STANDARD = gnu11;
				GCC_NO_COMMON_BLOCKS = YES;
				GCC_WARN_64_TO_32_BIT_CONVERSION = YES;
				GCC_WARN_ABOUT_RETURN_TYPE = YES_ERROR;
				GCC_WARN_UNDECLARED_SELECTOR = YES;
				GCC_WARN_UNINITIALIZED_AUTOS = YES_AGGRESSIVE;
				GCC_WARN_UNUSED_FUNCTION = YES;
				GCC_WARN_UNUSED_VARIABLE = YES;
				IPHONEOS_DEPLOYMENT_TARGET = 12.0;
				MTL_ENABLE_DEBUG_INFO = NO;
				MTL_FAST_MATH = YES;
				SDKROOT = iphoneos;
				SWIFT_COMPILATION_MODE = wholemodule;
				SWIFT_OPTIMIZATION_LEVEL = "-O";
				VALIDATE_PRODUCT = YES;
			};
			name = Release;
		};
		BDD93D8C2151BA1800D94C16 /* Debug */ = {
			isa = XCBuildConfiguration;
			buildSettings = {
				ASSETCATALOG_COMPILER_APPICON_NAME = AppIcon;
				CODE_SIGN_STYLE = Automatic;
				DEVELOPMENT_TEAM = SFNG7GVEK8;
				INFOPLIST_FILE = "Company Core Data/Info.plist";
				LD_RUNPATH_SEARCH_PATHS = (
					"$(inherited)",
					"@executable_path/Frameworks",
				);
				PRODUCT_BUNDLE_IDENTIFIER = "com.viswakodela.Company-Core-Data";
				PRODUCT_NAME = "$(TARGET_NAME)";
				SWIFT_VERSION = 4.2;
				TARGETED_DEVICE_FAMILY = "1,2";
			};
			name = Debug;
		};
		BDD93D8D2151BA1800D94C16 /* Release */ = {
			isa = XCBuildConfiguration;
			buildSettings = {
				ASSETCATALOG_COMPILER_APPICON_NAME = AppIcon;
				CODE_SIGN_STYLE = Automatic;
				DEVELOPMENT_TEAM = SFNG7GVEK8;
				INFOPLIST_FILE = "Company Core Data/Info.plist";
				LD_RUNPATH_SEARCH_PATHS = (
					"$(inherited)",
					"@executable_path/Frameworks",
				);
				PRODUCT_BUNDLE_IDENTIFIER = "com.viswakodela.Company-Core-Data";
				PRODUCT_NAME = "$(TARGET_NAME)";
				SWIFT_VERSION = 4.2;
				TARGETED_DEVICE_FAMILY = "1,2";
			};
			name = Release;
		};
/* End XCBuildConfiguration section */

/* Begin XCConfigurationList section */
		BDD93D742151BA1500D94C16 /* Build configuration list for PBXProject "Company Core Data" */ = {
			isa = XCConfigurationList;
			buildConfigurations = (
				BDD93D892151BA1800D94C16 /* Debug */,
				BDD93D8A2151BA1800D94C16 /* Release */,
			);
			defaultConfigurationIsVisible = 0;
			defaultConfigurationName = Release;
		};
		BDD93D8B2151BA1800D94C16 /* Build configuration list for PBXNativeTarget "Company Core Data" */ = {
			isa = XCConfigurationList;
			buildConfigurations = (
				BDD93D8C2151BA1800D94C16 /* Debug */,
				BDD93D8D2151BA1800D94C16 /* Release */,
			);
			defaultConfigurationIsVisible = 0;
			defaultConfigurationName = Release;
		};
/* End XCConfigurationList section */

/* Begin XCVersionGroup section */
		BDDFD0B72157142500EC2B25 /* CompanyDataModel.xcdatamodeld */ = {
			isa = XCVersionGroup;
			children = (
				BDDFD0B82157142500EC2B25 /* CompanyDataModel.xcdatamodel */,
			);
			currentVersion = BDDFD0B82157142500EC2B25 /* CompanyDataModel.xcdatamodel */;
			path = CompanyDataModel.xcdatamodeld;
			sourceTree = "<group>";
			versionGroupType = wrapper.xcdatamodel;
		};
/* End XCVersionGroup section */
	};
	rootObject = BDD93D712151BA1500D94C16 /* Project object */;
}
